
Microsoft Visual Studio Solution File, Format Version 12.00
# Visual Studio Version 17
VisualStudioVersion = 17.6.33723.286
MinimumVisualStudioVersion = 10.0.40219.1
Project("{FAE04EC0-301F-11D3-BF4B-00C04F79EFBC}") = "QuanlyCooffe", "QuanlyCooffe\QuanlyCooffe.csproj", "{732307A9-10D1-4EC7-B7C1-E4153E41514C}"
EndProject
Global
	GlobalSection(SolutionConfigurationPlatforms) = preSolution
		Debug|Any CPU = Debug|Any CPU
		Release|Any CPU = Release|Any CPU
	EndGlobalSection
	GlobalSection(ProjectConfigurationPlatforms) = postSolution
		{732307A9-10D1-4EC7-B7C1-E4153E41514C}.Debug|Any CPU.ActiveCfg = Debug|Any CPU
		{732307A9-10D1-4EC7-B7C1-E4153E41514C}.Debug|Any CPU.Build.0 = Debug|Any CPU
		{732307A9-10D1-4EC7-B7C1-E4153E41514C}.Release|Any CPU.ActiveCfg = Release|Any CPU
		{732307A9-10D1-4EC7-B7C1-E4153E41514C}.Release|Any CPU.Build.0 = Release|Any CPU
	EndGlobalSection
	GlobalSection(SolutionProperties) = preSolution
		HideSolutionNode = FALSE
	EndGlobalSection
	GlobalSection(ExtensibilityGlobals) = postSolution
		SolutionGuid = {FA598611-00B6-4A80-A70E-95377577755F}
	EndGlobalSection
EndGlobal
